
Microsoft Visual Studio Solution File, Format Version 12.00
# Visual Studio Version 17
VisualStudioVersion = 17.11.35303.130
MinimumVisualStudioVersion = 10.0.40219.1
Project("{FAE04EC0-301F-11D3-BF4B-00C04F79EFBC}") = "BackendSimpleStore", "BackendSimpleStore.csproj", "{92FB08C7-F6FD-4C29-B3F8-AD681753CCF8}"
EndProject
Global
	GlobalSection(SolutionConfigurationPlatforms) = preSolution
		Debug|Any CPU = Debug|Any CPU
		Release|Any CPU = Release|Any CPU
	EndGlobalSection
	GlobalSection(ProjectConfigurationPlatforms) = postSolution
		{92FB08C7-F6FD-4C29-B3F8-AD681753CCF8}.Debug|Any CPU.ActiveCfg = Debug|Any CPU
		{92FB08C7-F6FD-4C29-B3F8-AD681753CCF8}.Debug|Any CPU.Build.0 = Debug|Any CPU
		{92FB08C7-F6FD-4C29-B3F8-AD681753CCF8}.Release|Any CPU.ActiveCfg = Release|Any CPU
		{92FB08C7-F6FD-4C29-B3F8-AD681753CCF8}.Release|Any CPU.Build.0 = Release|Any CPU
	EndGlobalSection
	GlobalSection(SolutionProperties) = preSolution
		HideSolutionNode = FALSE
	EndGlobalSection
	GlobalSection(ExtensibilityGlobals) = postSolution
		SolutionGuid = {F38B7418-FC9C-4EE4-A298-FAE4A2569CAA}
	EndGlobalSection
EndGlobal
